
Microsoft Visual Studio Solution File, Format Version 12.00
# Visual Studio 15
Project("{FAE04EC0-301F-11D3-BF4B-00C04F79EFBC}") = "lab04_03", "lab04_03\lab04_03.csproj", "{6AD9F592-81CC-47C6-99F0-7F6F96E79D13}"
EndProject
Global
	GlobalSection(SolutionConfigurationPlatforms) = preSolution
		Debug|Any CPU = Debug|Any CPU
		Release|Any CPU = Release|Any CPU
	EndGlobalSection
	GlobalSection(ProjectConfigurationPlatforms) = postSolution
		{6AD9F592-81CC-47C6-99F0-7F6F96E79D13}.Debug|Any CPU.ActiveCfg = Debug|Any CPU
		{6AD9F592-81CC-47C6-99F0-7F6F96E79D13}.Debug|Any CPU.Build.0 = Debug|Any CPU
		{6AD9F592-81CC-47C6-99F0-7F6F96E79D13}.Release|Any CPU.ActiveCfg = Release|Any CPU
		{6AD9F592-81CC-47C6-99F0-7F6F96E79D13}.Release|Any CPU.Build.0 = Release|Any CPU
	EndGlobalSection
EndGlobal
